
Microsoft Visual Studio Solution File, Format Version 12.00
# Visual Studio Version 17
VisualStudioVersion = 17.9.34407.89
MinimumVisualStudioVersion = 10.0.40219.1
Project("{9A19103F-16F7-4668-BE54-9A1E7A4F7556}") = "GMCopilot", "GMCopilot\GMCopilot.csproj", "{9B403BD7-E25C-49AC-857C-468E3789B46C}"
EndProject
Project("{9A19103F-16F7-4668-BE54-9A1E7A4F7556}") = "GMCopilot.AppHost", "GMCopilot.AppHost\GMCopilot.AppHost.csproj", "{9A6278E5-08C1-439C-B4CF-01355A61F84B}"
EndProject
Project("{9A19103F-16F7-4668-BE54-9A1E7A4F7556}") = "GMCopilot.ServiceDefaults", "GMCopilot.ServiceDefaults\GMCopilot.ServiceDefaults.csproj", "{359FC019-6C61-4BD9-B029-11A5617010BA}"
EndProject
Project("{9A19103F-16F7-4668-BE54-9A1E7A4F7556}") = "GMCopilot.AccessApi", "GMCopilot.AccessApi\GMCopilot.AccessApi.csproj", "{C9F20293-32E3-4CE3-8939-125BCBBF891E}"
EndProject
Project("{9A19103F-16F7-4668-BE54-9A1E7A4F7556}") = "GMCopilot.Core", "GMCopilot.Core\GMCopilot.Core.csproj", "{B5CCEE6B-F318-416D-BFAE-DDAD3A316894}"
EndProject
Project("{2150E333-8FDC-42A3-9474-1A3956D46DE8}") = "infrastructure", "infrastructure", "{8861140B-0A07-468C-B890-B95786A5B098}"
EndProject
Project("{2150E333-8FDC-42A3-9474-1A3956D46DE8}") = "bicep", "bicep", "{F8B728E9-BF37-4893-BE3A-2C72B501F21F}"
	ProjectSection(SolutionItems) = preProject
		..\..\infrastructure\bicep\application.bicep = ..\..\infrastructure\bicep\application.bicep
		..\..\infrastructure\bicep\shared.bicep = ..\..\infrastructure\bicep\shared.bicep
	EndProjectSection
EndProject
Project("{2150E333-8FDC-42A3-9474-1A3956D46DE8}") = "modules", "modules", "{5712E846-39C2-495A-A7AD-97DD04C422FF}"
	ProjectSection(SolutionItems) = preProject
		..\..\infrastructure\bicep\modules\aiSearch.bicep = ..\..\infrastructure\bicep\modules\aiSearch.bicep
		..\..\infrastructure\bicep\modules\appConfiguration.bicep = ..\..\infrastructure\bicep\modules\appConfiguration.bicep
		..\..\infrastructure\bicep\modules\containerApp.bicep = ..\..\infrastructure\bicep\modules\containerApp.bicep
		..\..\infrastructure\bicep\modules\containerAppEnvironment.bicep = ..\..\infrastructure\bicep\modules\containerAppEnvironment.bicep
		..\..\infrastructure\bicep\modules\containerRegistry.bicep = ..\..\infrastructure\bicep\modules\containerRegistry.bicep
		..\..\infrastructure\bicep\modules\cosmosDbAccount.bicep = ..\..\infrastructure\bicep\modules\cosmosDbAccount.bicep
		..\..\infrastructure\bicep\modules\keyVault.bicep = ..\..\infrastructure\bicep\modules\keyVault.bicep
		..\..\infrastructure\bicep\modules\monitoring.bicep = ..\..\infrastructure\bicep\modules\monitoring.bicep
		..\..\infrastructure\bicep\modules\openAiService.bicep = ..\..\infrastructure\bicep\modules\openAiService.bicep
		..\..\infrastructure\bicep\modules\roleAssignment.bicep = ..\..\infrastructure\bicep\modules\roleAssignment.bicep
		..\..\infrastructure\bicep\modules\storageAccount.bicep = ..\..\infrastructure\bicep\modules\storageAccount.bicep
		..\..\infrastructure\bicep\modules\userAssignedManagedIdentity.bicep = ..\..\infrastructure\bicep\modules\userAssignedManagedIdentity.bicep
	EndProjectSection
EndProject
Project("{9A19103F-16F7-4668-BE54-9A1E7A4F7556}") = "GMCopilot.Data", "GMCopilot.Data\GMCopilot.Data.csproj", "{7FA7DBB5-B7FF-483F-BD67-ECBD5BADF932}"
EndProject
Project("{2150E333-8FDC-42A3-9474-1A3956D46DE8}") = "Tests", "Tests", "{80DC0780-AE42-4710-AF4F-09D176880B28}"
EndProject
Project("{9A19103F-16F7-4668-BE54-9A1E7A4F7556}") = "GMCopilot.Core.Test", "Tests\GMCopilot.Core.Test\GMCopilot.Core.Test.csproj", "{8CE72F2D-F2C8-4DE8-945B-EB8DCBECE388}"
EndProject
Project("{9A19103F-16F7-4668-BE54-9A1E7A4F7556}") = "GMCopilot.AccessApi.Test", "Tests\GMCopilot.AccessApi.Test\GMCopilot.AccessApi.Test.csproj", "{603DA1AC-D837-4E9D-974C-6A0FAC8F354E}"
EndProject
Project("{2150E333-8FDC-42A3-9474-1A3956D46DE8}") = "APIs", "APIs", "{EDEFD969-15DC-4331-A677-402B711DFA5A}"
EndProject
Project("{FAE04EC0-301F-11D3-BF4B-00C04F79EFBC}") = "GMCopilot.ApiCore", "GMCopilot.ApiCore\GMCopilot.ApiCore.csproj", "{0997EF48-D169-4107-B044-EF3EA815B1C4}"
EndProject
Global
	GlobalSection(SolutionConfigurationPlatforms) = preSolution
		Debug|Any CPU = Debug|Any CPU
		Release|Any CPU = Release|Any CPU
	EndGlobalSection
	GlobalSection(ProjectConfigurationPlatforms) = postSolution
		{9B403BD7-E25C-49AC-857C-468E3789B46C}.Debug|Any CPU.ActiveCfg = Debug|Any CPU
		{9B403BD7-E25C-49AC-857C-468E3789B46C}.Debug|Any CPU.Build.0 = Debug|Any CPU
		{9B403BD7-E25C-49AC-857C-468E3789B46C}.Release|Any CPU.ActiveCfg = Release|Any CPU
		{9B403BD7-E25C-49AC-857C-468E3789B46C}.Release|Any CPU.Build.0 = Release|Any CPU
		{9A6278E5-08C1-439C-B4CF-01355A61F84B}.Debug|Any CPU.ActiveCfg = Debug|Any CPU
		{9A6278E5-08C1-439C-B4CF-01355A61F84B}.Debug|Any CPU.Build.0 = Debug|Any CPU
		{9A6278E5-08C1-439C-B4CF-01355A61F84B}.Release|Any CPU.ActiveCfg = Release|Any CPU
		{9A6278E5-08C1-439C-B4CF-01355A61F84B}.Release|Any CPU.Build.0 = Release|Any CPU
		{359FC019-6C61-4BD9-B029-11A5617010BA}.Debug|Any CPU.ActiveCfg = Debug|Any CPU
		{359FC019-6C61-4BD9-B029-11A5617010BA}.Debug|Any CPU.Build.0 = Debug|Any CPU
		{359FC019-6C61-4BD9-B029-11A5617010BA}.Release|Any CPU.ActiveCfg = Release|Any CPU
		{359FC019-6C61-4BD9-B029-11A5617010BA}.Release|Any CPU.Build.0 = Release|Any CPU
		{C9F20293-32E3-4CE3-8939-125BCBBF891E}.Debug|Any CPU.ActiveCfg = Debug|Any CPU
		{C9F20293-32E3-4CE3-8939-125BCBBF891E}.Debug|Any CPU.Build.0 = Debug|Any CPU
		{C9F20293-32E3-4CE3-8939-125BCBBF891E}.Release|Any CPU.ActiveCfg = Release|Any CPU
		{C9F20293-32E3-4CE3-8939-125BCBBF891E}.Release|Any CPU.Build.0 = Release|Any CPU
		{B5CCEE6B-F318-416D-BFAE-DDAD3A316894}.Debug|Any CPU.ActiveCfg = Debug|Any CPU
		{B5CCEE6B-F318-416D-BFAE-DDAD3A316894}.Debug|Any CPU.Build.0 = Debug|Any CPU
		{B5CCEE6B-F318-416D-BFAE-DDAD3A316894}.Release|Any CPU.ActiveCfg = Release|Any CPU
		{B5CCEE6B-F318-416D-BFAE-DDAD3A316894}.Release|Any CPU.Build.0 = Release|Any CPU
		{7FA7DBB5-B7FF-483F-BD67-ECBD5BADF932}.Debug|Any CPU.ActiveCfg = Debug|Any CPU
		{7FA7DBB5-B7FF-483F-BD67-ECBD5BADF932}.Debug|Any CPU.Build.0 = Debug|Any CPU
		{7FA7DBB5-B7FF-483F-BD67-ECBD5BADF932}.Release|Any CPU.ActiveCfg = Release|Any CPU
		{7FA7DBB5-B7FF-483F-BD67-ECBD5BADF932}.Release|Any CPU.Build.0 = Release|Any CPU
		{8CE72F2D-F2C8-4DE8-945B-EB8DCBECE388}.Debug|Any CPU.ActiveCfg = Debug|Any CPU
		{8CE72F2D-F2C8-4DE8-945B-EB8DCBECE388}.Debug|Any CPU.Build.0 = Debug|Any CPU
		{8CE72F2D-F2C8-4DE8-945B-EB8DCBECE388}.Release|Any CPU.ActiveCfg = Release|Any CPU
		{8CE72F2D-F2C8-4DE8-945B-EB8DCBECE388}.Release|Any CPU.Build.0 = Release|Any CPU
		{603DA1AC-D837-4E9D-974C-6A0FAC8F354E}.Debug|Any CPU.ActiveCfg = Debug|Any CPU
		{603DA1AC-D837-4E9D-974C-6A0FAC8F354E}.Debug|Any CPU.Build.0 = Debug|Any CPU
		{603DA1AC-D837-4E9D-974C-6A0FAC8F354E}.Release|Any CPU.ActiveCfg = Release|Any CPU
		{603DA1AC-D837-4E9D-974C-6A0FAC8F354E}.Release|Any CPU.Build.0 = Release|Any CPU
		{0997EF48-D169-4107-B044-EF3EA815B1C4}.Debug|Any CPU.ActiveCfg = Debug|Any CPU
		{0997EF48-D169-4107-B044-EF3EA815B1C4}.Debug|Any CPU.Build.0 = Debug|Any CPU
		{0997EF48-D169-4107-B044-EF3EA815B1C4}.Release|Any CPU.ActiveCfg = Release|Any CPU
		{0997EF48-D169-4107-B044-EF3EA815B1C4}.Release|Any CPU.Build.0 = Release|Any CPU
	EndGlobalSection
	GlobalSection(SolutionProperties) = preSolution
		HideSolutionNode = FALSE
	EndGlobalSection
	GlobalSection(NestedProjects) = preSolution
		{C9F20293-32E3-4CE3-8939-125BCBBF891E} = {EDEFD969-15DC-4331-A677-402B711DFA5A}
		{F8B728E9-BF37-4893-BE3A-2C72B501F21F} = {8861140B-0A07-468C-B890-B95786A5B098}
		{5712E846-39C2-495A-A7AD-97DD04C422FF} = {F8B728E9-BF37-4893-BE3A-2C72B501F21F}
		{8CE72F2D-F2C8-4DE8-945B-EB8DCBECE388} = {80DC0780-AE42-4710-AF4F-09D176880B28}
		{603DA1AC-D837-4E9D-974C-6A0FAC8F354E} = {80DC0780-AE42-4710-AF4F-09D176880B28}
		{0997EF48-D169-4107-B044-EF3EA815B1C4} = {EDEFD969-15DC-4331-A677-402B711DFA5A}
	EndGlobalSection
	GlobalSection(ExtensibilityGlobals) = postSolution
		SolutionGuid = {5EDFCB30-204B-4496-9C18-7AFB0D5186DC}
	EndGlobalSection
EndGlobal
