
Microsoft Visual Studio Solution File, Format Version 12.00
# Visual Studio Version 17
VisualStudioVersion = 17.9.34321.82
MinimumVisualStudioVersion = 10.0.40219.1
Project("{9A19103F-16F7-4668-BE54-9A1E7A4F7556}") = "GMCopilot", "GMCopilot\GMCopilot\GMCopilot.csproj", "{5D4679D5-8CD5-4ED3-8DF7-0EC7935040D1}"
EndProject
Project("{9A19103F-16F7-4668-BE54-9A1E7A4F7556}") = "GMCopilot.Client", "GMCopilot\GMCopilot.Client\GMCopilot.Client.csproj", "{E96BFDE8-1C06-4273-883E-E6E084F81B03}"
EndProject
Project("{9A19103F-16F7-4668-BE54-9A1E7A4F7556}") = "GMCopilot.AppHost", "GMCopilot.AppHost\GMCopilot.AppHost.csproj", "{947A6781-CC9E-40C6-BD2A-CAC741BB9DDC}"
EndProject
Project("{9A19103F-16F7-4668-BE54-9A1E7A4F7556}") = "GMCopilot.ServiceDefaults", "GMCopilot.ServiceDefaults\GMCopilot.ServiceDefaults.csproj", "{F133D4FC-27E9-4B5E-BECF-567B45912536}"
EndProject
Project("{2150E333-8FDC-42A3-9474-1A3956D46DE8}") = "infrastructure", "infrastructure", "{AC637440-6306-456A-B8B4-78B20E27C464}"
EndProject
Project("{2150E333-8FDC-42A3-9474-1A3956D46DE8}") = "bicep", "bicep", "{10D81E03-BA52-490A-B458-7604EEB53DFB}"
	ProjectSection(SolutionItems) = preProject
		..\..\infrastructure\bicep\main.bicep = ..\..\infrastructure\bicep\main.bicep
	EndProjectSection
EndProject
Project("{2150E333-8FDC-42A3-9474-1A3956D46DE8}") = "modules", "modules", "{602364DA-368C-48BD-A57C-477B96AC5875}"
	ProjectSection(SolutionItems) = preProject
		..\..\infrastructure\bicep\modules\aiSearch.bicep = ..\..\infrastructure\bicep\modules\aiSearch.bicep
		..\..\infrastructure\bicep\modules\appConfiguration.bicep = ..\..\infrastructure\bicep\modules\appConfiguration.bicep
		..\..\infrastructure\bicep\modules\b2c.bicep = ..\..\infrastructure\bicep\modules\b2c.bicep
		..\..\infrastructure\bicep\modules\containerApp.bicep = ..\..\infrastructure\bicep\modules\containerApp.bicep
		..\..\infrastructure\bicep\modules\containerRegistry.bicep = ..\..\infrastructure\bicep\modules\containerRegistry.bicep
		..\..\infrastructure\bicep\modules\cosmosDbAccount.bicep = ..\..\infrastructure\bicep\modules\cosmosDbAccount.bicep
		..\..\infrastructure\bicep\modules\keyVault.bicep = ..\..\infrastructure\bicep\modules\keyVault.bicep
		..\..\infrastructure\bicep\modules\monitoring.bicep = ..\..\infrastructure\bicep\modules\monitoring.bicep
		..\..\infrastructure\bicep\modules\openAiService.bicep = ..\..\infrastructure\bicep\modules\openAiService.bicep
		..\..\infrastructure\bicep\modules\roleAssignment.bicep = ..\..\infrastructure\bicep\modules\roleAssignment.bicep
		..\..\infrastructure\bicep\modules\storageAccount.bicep = ..\..\infrastructure\bicep\modules\storageAccount.bicep
	EndProjectSection
EndProject
Project("{9A19103F-16F7-4668-BE54-9A1E7A4F7556}") = "GMCopilot.Entities", "GMCopilot.Entities\GMCopilot.Entities.csproj", "{0C51CD4D-9995-4022-91C5-3F3A9419D8FF}"
EndProject
Project("{9A19103F-16F7-4668-BE54-9A1E7A4F7556}") = "GMCopilot.Entities.Test", "GMCopilot.Entities.Test\GMCopilot.Entities.Test.csproj", "{4DA87B6D-D330-43B0-B72E-098E2003DFB9}"
EndProject
Project("{9A19103F-16F7-4668-BE54-9A1E7A4F7556}") = "GMCopilot.Data", "GMCopilot.Data\GMCopilot.Data.csproj", "{59DBFEFB-BB60-4660-9CDA-F7120565E0DE}"
EndProject
Global
	GlobalSection(SolutionConfigurationPlatforms) = preSolution
		Debug|Any CPU = Debug|Any CPU
		Release|Any CPU = Release|Any CPU
	EndGlobalSection
	GlobalSection(ProjectConfigurationPlatforms) = postSolution
		{5D4679D5-8CD5-4ED3-8DF7-0EC7935040D1}.Debug|Any CPU.ActiveCfg = Debug|Any CPU
		{5D4679D5-8CD5-4ED3-8DF7-0EC7935040D1}.Debug|Any CPU.Build.0 = Debug|Any CPU
		{5D4679D5-8CD5-4ED3-8DF7-0EC7935040D1}.Release|Any CPU.ActiveCfg = Release|Any CPU
		{5D4679D5-8CD5-4ED3-8DF7-0EC7935040D1}.Release|Any CPU.Build.0 = Release|Any CPU
		{E96BFDE8-1C06-4273-883E-E6E084F81B03}.Debug|Any CPU.ActiveCfg = Debug|Any CPU
		{E96BFDE8-1C06-4273-883E-E6E084F81B03}.Debug|Any CPU.Build.0 = Debug|Any CPU
		{E96BFDE8-1C06-4273-883E-E6E084F81B03}.Release|Any CPU.ActiveCfg = Release|Any CPU
		{E96BFDE8-1C06-4273-883E-E6E084F81B03}.Release|Any CPU.Build.0 = Release|Any CPU
		{947A6781-CC9E-40C6-BD2A-CAC741BB9DDC}.Debug|Any CPU.ActiveCfg = Debug|Any CPU
		{947A6781-CC9E-40C6-BD2A-CAC741BB9DDC}.Debug|Any CPU.Build.0 = Debug|Any CPU
		{947A6781-CC9E-40C6-BD2A-CAC741BB9DDC}.Release|Any CPU.ActiveCfg = Release|Any CPU
		{947A6781-CC9E-40C6-BD2A-CAC741BB9DDC}.Release|Any CPU.Build.0 = Release|Any CPU
		{F133D4FC-27E9-4B5E-BECF-567B45912536}.Debug|Any CPU.ActiveCfg = Debug|Any CPU
		{F133D4FC-27E9-4B5E-BECF-567B45912536}.Debug|Any CPU.Build.0 = Debug|Any CPU
		{F133D4FC-27E9-4B5E-BECF-567B45912536}.Release|Any CPU.ActiveCfg = Release|Any CPU
		{F133D4FC-27E9-4B5E-BECF-567B45912536}.Release|Any CPU.Build.0 = Release|Any CPU
		{0C51CD4D-9995-4022-91C5-3F3A9419D8FF}.Debug|Any CPU.ActiveCfg = Debug|Any CPU
		{0C51CD4D-9995-4022-91C5-3F3A9419D8FF}.Debug|Any CPU.Build.0 = Debug|Any CPU
		{0C51CD4D-9995-4022-91C5-3F3A9419D8FF}.Release|Any CPU.ActiveCfg = Release|Any CPU
		{0C51CD4D-9995-4022-91C5-3F3A9419D8FF}.Release|Any CPU.Build.0 = Release|Any CPU
		{4DA87B6D-D330-43B0-B72E-098E2003DFB9}.Debug|Any CPU.ActiveCfg = Debug|Any CPU
		{4DA87B6D-D330-43B0-B72E-098E2003DFB9}.Debug|Any CPU.Build.0 = Debug|Any CPU
		{4DA87B6D-D330-43B0-B72E-098E2003DFB9}.Release|Any CPU.ActiveCfg = Release|Any CPU
		{4DA87B6D-D330-43B0-B72E-098E2003DFB9}.Release|Any CPU.Build.0 = Release|Any CPU
		{59DBFEFB-BB60-4660-9CDA-F7120565E0DE}.Debug|Any CPU.ActiveCfg = Debug|Any CPU
		{59DBFEFB-BB60-4660-9CDA-F7120565E0DE}.Debug|Any CPU.Build.0 = Debug|Any CPU
		{59DBFEFB-BB60-4660-9CDA-F7120565E0DE}.Release|Any CPU.ActiveCfg = Release|Any CPU
		{59DBFEFB-BB60-4660-9CDA-F7120565E0DE}.Release|Any CPU.Build.0 = Release|Any CPU
	EndGlobalSection
	GlobalSection(SolutionProperties) = preSolution
		HideSolutionNode = FALSE
	EndGlobalSection
	GlobalSection(NestedProjects) = preSolution
		{10D81E03-BA52-490A-B458-7604EEB53DFB} = {AC637440-6306-456A-B8B4-78B20E27C464}
		{602364DA-368C-48BD-A57C-477B96AC5875} = {10D81E03-BA52-490A-B458-7604EEB53DFB}
	EndGlobalSection
	GlobalSection(ExtensibilityGlobals) = postSolution
		SolutionGuid = {5AF7AFCB-A536-477A-AF4B-C6E5D0593636}
	EndGlobalSection
EndGlobal
