
Microsoft Visual Studio Solution File, Format Version 12.00
# Visual Studio Version 17
VisualStudioVersion = 17.6.33717.318
MinimumVisualStudioVersion = 10.0.40219.1
Project("{9A19103F-16F7-4668-BE54-9A1E7A4F7556}") = "GMCopilot.Backend", "GMCopilot.Backend\GMCopilot.Backend.csproj", "{48D62070-7356-4DED-A602-52730176F572}"
EndProject
Project("{2150E333-8FDC-42A3-9474-1A3956D46DE8}") = "infrastructure", "infrastructure", "{171E43A3-C8DF-4B84-8EE1-62F792075A39}"
EndProject
Project("{2150E333-8FDC-42A3-9474-1A3956D46DE8}") = "bicep", "bicep", "{45A296C7-98AC-4AD2-AEC2-A97F613AD76E}"
	ProjectSection(SolutionItems) = preProject
		..\..\infrastructure\bicep\main.bicep = ..\..\infrastructure\bicep\main.bicep
	EndProjectSection
EndProject
Project("{2150E333-8FDC-42A3-9474-1A3956D46DE8}") = "modules", "modules", "{805C7B55-9BC1-4EF2-B2B9-4D2F3E9F3F1B}"
	ProjectSection(SolutionItems) = preProject
		..\..\infrastructure\bicep\modules\appConfiguration.bicep = ..\..\infrastructure\bicep\modules\appConfiguration.bicep
		..\..\infrastructure\bicep\modules\appServicePlan.bicep = ..\..\infrastructure\bicep\modules\appServicePlan.bicep
		..\..\infrastructure\bicep\modules\b2c.bicep = ..\..\infrastructure\bicep\modules\b2c.bicep
		..\..\infrastructure\bicep\modules\cognitiveSearch.bicep = ..\..\infrastructure\bicep\modules\cognitiveSearch.bicep
		..\..\infrastructure\bicep\modules\containerApp.bicep = ..\..\infrastructure\bicep\modules\containerApp.bicep
		..\..\infrastructure\bicep\modules\containerRegistry.bicep = ..\..\infrastructure\bicep\modules\containerRegistry.bicep
		..\..\infrastructure\bicep\modules\cosmosDbAccount.bicep = ..\..\infrastructure\bicep\modules\cosmosDbAccount.bicep
		..\..\infrastructure\bicep\modules\keyVault.bicep = ..\..\infrastructure\bicep\modules\keyVault.bicep
		..\..\infrastructure\bicep\modules\monitoring.bicep = ..\..\infrastructure\bicep\modules\monitoring.bicep
		..\..\infrastructure\bicep\modules\openAiService.bicep = ..\..\infrastructure\bicep\modules\openAiService.bicep
		..\..\infrastructure\bicep\modules\roleAssignment.bicep = ..\..\infrastructure\bicep\modules\roleAssignment.bicep
		..\..\infrastructure\bicep\modules\storageAccount.bicep = ..\..\infrastructure\bicep\modules\storageAccount.bicep
		..\..\infrastructure\bicep\modules\webAppBlazor.bicep = ..\..\infrastructure\bicep\modules\webAppBlazor.bicep
	EndProjectSection
EndProject
Project("{9A19103F-16F7-4668-BE54-9A1E7A4F7556}") = "GMCopilot.Data", "GMCopilot.Data\GMCopilot.Data.csproj", "{1F854BB6-CE3E-4899-A7E3-B61216087447}"
EndProject
Project("{9A19103F-16F7-4668-BE54-9A1E7A4F7556}") = "GMCopilot.Entities", "GMCopilot.Entities\GMCopilot.Entities.csproj", "{0ECACDEA-7C46-492A-8B9D-71BCA7DAA657}"
EndProject
Project("{9A19103F-16F7-4668-BE54-9A1E7A4F7556}") = "GMCopilot.Entities.Test", "GMCopilot.Entities.Test\GMCopilot.Entities.Test.csproj", "{58483A94-FAC5-481A-9579-702A313B9C2B}"
EndProject
Project("{9A19103F-16F7-4668-BE54-9A1E7A4F7556}") = "GMCopilot.WebApi", "GMCopilot.WebApi\GMCopilot.WebApi.csproj", "{1F578834-FE0C-4DC4-9018-45DEC732B86A}"
EndProject
Project("{9A19103F-16F7-4668-BE54-9A1E7A4F7556}") = "GMCopilot.Services", "GMCopilot.Services\GMCopilot.Services.csproj", "{B655F32E-40DB-48AC-9093-166181F5BE2E}"
EndProject
Global
	GlobalSection(SolutionConfigurationPlatforms) = preSolution
		Debug|Any CPU = Debug|Any CPU
		Release|Any CPU = Release|Any CPU
	EndGlobalSection
	GlobalSection(ProjectConfigurationPlatforms) = postSolution
		{48D62070-7356-4DED-A602-52730176F572}.Debug|Any CPU.ActiveCfg = Debug|Any CPU
		{48D62070-7356-4DED-A602-52730176F572}.Debug|Any CPU.Build.0 = Debug|Any CPU
		{48D62070-7356-4DED-A602-52730176F572}.Release|Any CPU.ActiveCfg = Release|Any CPU
		{48D62070-7356-4DED-A602-52730176F572}.Release|Any CPU.Build.0 = Release|Any CPU
		{1F854BB6-CE3E-4899-A7E3-B61216087447}.Debug|Any CPU.ActiveCfg = Debug|Any CPU
		{1F854BB6-CE3E-4899-A7E3-B61216087447}.Debug|Any CPU.Build.0 = Debug|Any CPU
		{1F854BB6-CE3E-4899-A7E3-B61216087447}.Release|Any CPU.ActiveCfg = Release|Any CPU
		{1F854BB6-CE3E-4899-A7E3-B61216087447}.Release|Any CPU.Build.0 = Release|Any CPU
		{0ECACDEA-7C46-492A-8B9D-71BCA7DAA657}.Debug|Any CPU.ActiveCfg = Debug|Any CPU
		{0ECACDEA-7C46-492A-8B9D-71BCA7DAA657}.Debug|Any CPU.Build.0 = Debug|Any CPU
		{0ECACDEA-7C46-492A-8B9D-71BCA7DAA657}.Release|Any CPU.ActiveCfg = Release|Any CPU
		{0ECACDEA-7C46-492A-8B9D-71BCA7DAA657}.Release|Any CPU.Build.0 = Release|Any CPU
		{58483A94-FAC5-481A-9579-702A313B9C2B}.Debug|Any CPU.ActiveCfg = Debug|Any CPU
		{58483A94-FAC5-481A-9579-702A313B9C2B}.Debug|Any CPU.Build.0 = Debug|Any CPU
		{58483A94-FAC5-481A-9579-702A313B9C2B}.Release|Any CPU.ActiveCfg = Release|Any CPU
		{58483A94-FAC5-481A-9579-702A313B9C2B}.Release|Any CPU.Build.0 = Release|Any CPU
		{1F578834-FE0C-4DC4-9018-45DEC732B86A}.Debug|Any CPU.ActiveCfg = Debug|Any CPU
		{1F578834-FE0C-4DC4-9018-45DEC732B86A}.Debug|Any CPU.Build.0 = Debug|Any CPU
		{1F578834-FE0C-4DC4-9018-45DEC732B86A}.Release|Any CPU.ActiveCfg = Release|Any CPU
		{1F578834-FE0C-4DC4-9018-45DEC732B86A}.Release|Any CPU.Build.0 = Release|Any CPU
		{B655F32E-40DB-48AC-9093-166181F5BE2E}.Debug|Any CPU.ActiveCfg = Debug|Any CPU
		{B655F32E-40DB-48AC-9093-166181F5BE2E}.Debug|Any CPU.Build.0 = Debug|Any CPU
		{B655F32E-40DB-48AC-9093-166181F5BE2E}.Release|Any CPU.ActiveCfg = Release|Any CPU
		{B655F32E-40DB-48AC-9093-166181F5BE2E}.Release|Any CPU.Build.0 = Release|Any CPU
	EndGlobalSection
	GlobalSection(SolutionProperties) = preSolution
		HideSolutionNode = FALSE
	EndGlobalSection
	GlobalSection(NestedProjects) = preSolution
		{45A296C7-98AC-4AD2-AEC2-A97F613AD76E} = {171E43A3-C8DF-4B84-8EE1-62F792075A39}
		{805C7B55-9BC1-4EF2-B2B9-4D2F3E9F3F1B} = {45A296C7-98AC-4AD2-AEC2-A97F613AD76E}
	EndGlobalSection
	GlobalSection(ExtensibilityGlobals) = postSolution
		SolutionGuid = {00CAEFEC-5E9A-4002-9F20-E79E879C8E96}
	EndGlobalSection
EndGlobal
